
Microsoft Visual Studio Solution File, Format Version 12.00
# Visual Studio Version 17
VisualStudioVersion = 17.5.33414.496
MinimumVisualStudioVersion = 10.0.40219.1
Project("{FAE04EC0-301F-11D3-BF4B-00C04F79EFBC}") = "Genius.Api", "Genius.Api\Genius.Api.csproj", "{104B9B86-AD90-432D-A42C-961ABCCC1360}"
EndProject
Global
	GlobalSection(SolutionConfigurationPlatforms) = preSolution
		Debug|Any CPU = Debug|Any CPU
		Release|Any CPU = Release|Any CPU
	EndGlobalSection
	GlobalSection(ProjectConfigurationPlatforms) = postSolution
		{104B9B86-AD90-432D-A42C-961ABCCC1360}.Debug|Any CPU.ActiveCfg = Debug|Any CPU
		{104B9B86-AD90-432D-A42C-961ABCCC1360}.Debug|Any CPU.Build.0 = Debug|Any CPU
		{104B9B86-AD90-432D-A42C-961ABCCC1360}.Release|Any CPU.ActiveCfg = Release|Any CPU
		{104B9B86-AD90-432D-A42C-961ABCCC1360}.Release|Any CPU.Build.0 = Release|Any CPU
	EndGlobalSection
	GlobalSection(SolutionProperties) = preSolution
		HideSolutionNode = FALSE
	EndGlobalSection
	GlobalSection(ExtensibilityGlobals) = postSolution
		SolutionGuid = {A9CB0EA3-AFBD-4321-A180-AE368FCBC03D}
	EndGlobalSection
EndGlobal
